
Microsoft Visual Studio Solution File, Format Version 12.00
# Visual Studio Version 17
VisualStudioVersion = 17.14.36301.6
MinimumVisualStudioVersion = 10.0.40219.1
Project("{FAE04EC0-301F-11D3-BF4B-00C04F79EFBC}") = "ai_documentation_cli", "ai_documentation_cli\ai_documentation_cli.csproj", "{728042DA-8ACB-45B3-9C1C-0686819F6208}"
EndProject
Project("{2150E333-8FDC-42A3-9474-1A3956D46DE8}") = "Solution Items", "Solution Items", "{02EA681E-C7D8-13C7-8484-4AC65E1B71E8}"
	ProjectSection(SolutionItems) = preProject
		.documentignore = .documentignore
		.editorconfig = .editorconfig
		.env = .env
		.gitignore = .gitignore
		CONTRIBUTE.md = CONTRIBUTE.md
		Directory.Build.props = Directory.Build.props
		Directory.Packages.props = Directory.Packages.props
		README.md = README.md
	EndProjectSection
EndProject
Project("{FAE04EC0-301F-11D3-BF4B-00C04F79EFBC}") = "ai_documentation_cli.Application", "ai_documentation_cli.Application\ai_documentation_cli.Application.csproj", "{F7B04D12-5B89-458A-AA56-E60EA5BF614F}"
EndProject
Project("{FAE04EC0-301F-11D3-BF4B-00C04F79EFBC}") = "ai_documentation_cli.Domain", "ai_documentation_cli.Domain\ai_documentation_cli.Domain.csproj", "{2FB2D937-1BE3-4B78-A2AE-2D39FFBCED5F}"
EndProject
Project("{2150E333-8FDC-42A3-9474-1A3956D46DE8}") = "src", "src", "{30151DAD-950D-4C36-9FE6-3D380D1A55D0}"
EndProject
Project("{FAE04EC0-301F-11D3-BF4B-00C04F79EFBC}") = "ai_documentation_cli.Infrastructure", "ai_documentation_cli.Infrastructure\ai_documentation_cli.Infrastructure.csproj", "{DD5D16BC-8216-4157-AAB7-475F6FB36153}"
EndProject
Project("{2150E333-8FDC-42A3-9474-1A3956D46DE8}") = "tests", "tests", "{AF8449A4-DBB0-48F6-8282-DFED1589CDA4}"
EndProject
Project("{FAE04EC0-301F-11D3-BF4B-00C04F79EFBC}") = "ai_documentation_cli.Unittests", "ai_documentation_cli.Tests\ai_documentation_cli.Unittests.csproj", "{342A01D4-B182-4E89-83CD-BA78C86F3774}"
EndProject
Global
	GlobalSection(SolutionConfigurationPlatforms) = preSolution
		Debug|Any CPU = Debug|Any CPU
		Release|Any CPU = Release|Any CPU
	EndGlobalSection
	GlobalSection(ProjectConfigurationPlatforms) = postSolution
		{728042DA-8ACB-45B3-9C1C-0686819F6208}.Debug|Any CPU.ActiveCfg = Debug|Any CPU
		{728042DA-8ACB-45B3-9C1C-0686819F6208}.Debug|Any CPU.Build.0 = Debug|Any CPU
		{728042DA-8ACB-45B3-9C1C-0686819F6208}.Release|Any CPU.ActiveCfg = Release|Any CPU
		{728042DA-8ACB-45B3-9C1C-0686819F6208}.Release|Any CPU.Build.0 = Release|Any CPU
		{F7B04D12-5B89-458A-AA56-E60EA5BF614F}.Debug|Any CPU.ActiveCfg = Debug|Any CPU
		{F7B04D12-5B89-458A-AA56-E60EA5BF614F}.Debug|Any CPU.Build.0 = Debug|Any CPU
		{F7B04D12-5B89-458A-AA56-E60EA5BF614F}.Release|Any CPU.ActiveCfg = Release|Any CPU
		{F7B04D12-5B89-458A-AA56-E60EA5BF614F}.Release|Any CPU.Build.0 = Release|Any CPU
		{2FB2D937-1BE3-4B78-A2AE-2D39FFBCED5F}.Debug|Any CPU.ActiveCfg = Debug|Any CPU
		{2FB2D937-1BE3-4B78-A2AE-2D39FFBCED5F}.Debug|Any CPU.Build.0 = Debug|Any CPU
		{2FB2D937-1BE3-4B78-A2AE-2D39FFBCED5F}.Release|Any CPU.ActiveCfg = Release|Any CPU
		{2FB2D937-1BE3-4B78-A2AE-2D39FFBCED5F}.Release|Any CPU.Build.0 = Release|Any CPU
		{DD5D16BC-8216-4157-AAB7-475F6FB36153}.Debug|Any CPU.ActiveCfg = Debug|Any CPU
		{DD5D16BC-8216-4157-AAB7-475F6FB36153}.Debug|Any CPU.Build.0 = Debug|Any CPU
		{DD5D16BC-8216-4157-AAB7-475F6FB36153}.Release|Any CPU.ActiveCfg = Release|Any CPU
		{DD5D16BC-8216-4157-AAB7-475F6FB36153}.Release|Any CPU.Build.0 = Release|Any CPU
		{342A01D4-B182-4E89-83CD-BA78C86F3774}.Debug|Any CPU.ActiveCfg = Debug|Any CPU
		{342A01D4-B182-4E89-83CD-BA78C86F3774}.Debug|Any CPU.Build.0 = Debug|Any CPU
		{342A01D4-B182-4E89-83CD-BA78C86F3774}.Release|Any CPU.ActiveCfg = Release|Any CPU
		{342A01D4-B182-4E89-83CD-BA78C86F3774}.Release|Any CPU.Build.0 = Release|Any CPU
	EndGlobalSection
	GlobalSection(SolutionProperties) = preSolution
		HideSolutionNode = FALSE
	EndGlobalSection
	GlobalSection(NestedProjects) = preSolution
		{728042DA-8ACB-45B3-9C1C-0686819F6208} = {30151DAD-950D-4C36-9FE6-3D380D1A55D0}
		{F7B04D12-5B89-458A-AA56-E60EA5BF614F} = {30151DAD-950D-4C36-9FE6-3D380D1A55D0}
		{2FB2D937-1BE3-4B78-A2AE-2D39FFBCED5F} = {30151DAD-950D-4C36-9FE6-3D380D1A55D0}
		{DD5D16BC-8216-4157-AAB7-475F6FB36153} = {30151DAD-950D-4C36-9FE6-3D380D1A55D0}
		{342A01D4-B182-4E89-83CD-BA78C86F3774} = {AF8449A4-DBB0-48F6-8282-DFED1589CDA4}
	EndGlobalSection
	GlobalSection(ExtensibilityGlobals) = postSolution
		SolutionGuid = {928448C3-079B-43B0-A4A5-50B8A7FCEA2E}
	EndGlobalSection
EndGlobal
